
Microsoft Visual Studio Solution File, Format Version 12.00
# Visual Studio 2015
Project("{FAE04EC0-301F-11D3-BF4B-00C04F79EFBC}") = "Noise.CSharp", "Noise.CSharp.csproj", "{7A064397-ABB0-5AF6-CD6E-1D2BBBBC67FD}"
EndProject
Project("{FAE04EC0-301F-11D3-BF4B-00C04F79EFBC}") = "Noise.CSharp.Editor", "Noise.CSharp.Editor.csproj", "{E61DEBB6-6C66-A836-C75F-E4F2984DB35C}"
EndProject
Global
	GlobalSection(SolutionConfigurationPlatforms) = preSolution
		Debug|Any CPU = Debug|Any CPU
		Release|Any CPU = Release|Any CPU
	EndGlobalSection
	GlobalSection(ProjectConfigurationPlatforms) = postSolution
		{7A064397-ABB0-5AF6-CD6E-1D2BBBBC67FD}.Debug|Any CPU.ActiveCfg = Debug|Any CPU
		{7A064397-ABB0-5AF6-CD6E-1D2BBBBC67FD}.Debug|Any CPU.Build.0 = Debug|Any CPU
		{7A064397-ABB0-5AF6-CD6E-1D2BBBBC67FD}.Release|Any CPU.ActiveCfg = Release|Any CPU
		{7A064397-ABB0-5AF6-CD6E-1D2BBBBC67FD}.Release|Any CPU.Build.0 = Release|Any CPU
		{E61DEBB6-6C66-A836-C75F-E4F2984DB35C}.Debug|Any CPU.ActiveCfg = Debug|Any CPU
		{E61DEBB6-6C66-A836-C75F-E4F2984DB35C}.Debug|Any CPU.Build.0 = Debug|Any CPU
		{E61DEBB6-6C66-A836-C75F-E4F2984DB35C}.Release|Any CPU.ActiveCfg = Release|Any CPU
		{E61DEBB6-6C66-A836-C75F-E4F2984DB35C}.Release|Any CPU.Build.0 = Release|Any CPU
	EndGlobalSection
	GlobalSection(SolutionProperties) = preSolution
		HideSolutionNode = FALSE
	EndGlobalSection
EndGlobal
